{
  "name": "angular-formio",
  "version": "4.9.6",
  "lockfileVersion": 1,
  "requires": true,
  "dependencies": {
    "core-js": {
      "version": "3.6.5",
      "resolved": "https://registry.npmjs.org/core-js/-/core-js-3.6.5.tgz",
      "integrity": "sha512-vZVEEwZoIsI+vPEuoF9Iqf5H7/M3eeQqWlQnYa8FSKKePuYTf5MWnxb5SDAzCa60b3JBRS5g9b+Dq7b1y/RCrA=="
    },
    "formio-custom": {
      "version": "1.0.5",
      "resolved": "https://registry.npmjs.org/formio-custom/-/formio-custom-1.0.5.tgz",
      "integrity": "sha512-jKb/TPL7eRtOWmEYFLEgWHhK9lFgdwAsJ1AaVKaD35o+vhplfNAavVaj9JiD3ZapOtgAjO6A+coW5X0caouoOA=="
    },
    "lodash": {
      "version": "4.17.20",
      "resolved": "https://registry.npmjs.org/lodash/-/lodash-4.17.20.tgz",
      "integrity": "sha512-PlhdFcillOINfeV7Ni6oF1TAEayyZBoZ8bcshTHqOYJYlrqzRK5hagpagky5o4HfCzzd1TRkXPMFq6cKk9rGmA=="
    },
    "ngx-bootstrap": {
      "version": "5.6.2",
      "resolved": "https://registry.npmjs.org/ngx-bootstrap/-/ngx-bootstrap-5.6.2.tgz",
      "integrity": "sha512-6YHXtdXkGH3w0NQoaUgNYAcrj064Lv5RTO284ha/hvpNTrh55yQz2cVh0VvwBk3MjyY2tdmLH4SuCJDszYdYiw=="
    }
  }
}
